
Microsoft Visual Studio Solution File, Format Version 12.00
Project("{FAE04EC0-301F-11D3-BF4B-00C04F79EFBC}") = "AuthorizationServer", "src\AuthorizationServer\AuthorizationServer.csproj", "{D633A3AC-51DB-4F07-AA40-D291E47705D0}"
EndProject
Global
	GlobalSection(SolutionConfigurationPlatforms) = preSolution
		Debug|Any CPU = Debug|Any CPU
		Release|Any CPU = Release|Any CPU
	EndGlobalSection
	GlobalSection(ProjectConfigurationPlatforms) = postSolution
		{D633A3AC-51DB-4F07-AA40-D291E47705D0}.Debug|Any CPU.ActiveCfg = Debug|Any CPU
		{D633A3AC-51DB-4F07-AA40-D291E47705D0}.Debug|Any CPU.Build.0 = Debug|Any CPU
		{D633A3AC-51DB-4F07-AA40-D291E47705D0}.Release|Any CPU.ActiveCfg = Release|Any CPU
		{D633A3AC-51DB-4F07-AA40-D291E47705D0}.Release|Any CPU.Build.0 = Release|Any CPU
	EndGlobalSection
EndGlobal
